# This file was autogenerated by Stack.
# You should not edit this file by hand.
# For more information, please see the documentation at:
#   https://docs.haskellstack.org/en/stable/topics/lock_files

packages:
- completed:
    hackage: openapi3-3.2.4@sha256:7309864a9a59b4654b21ef477444fb26bf8d393eba795dd8de089b368ea74c2a,4982
    pantry-tree:
      sha256: 1ac8db74ee9753398df1b87f2556c83cce42994c3a2c80faa13169ddba250ab0
      size: 2263
  original:
    hackage: openapi3-3.2.4@sha256:7309864a9a59b4654b21ef477444fb26bf8d393eba795dd8de089b368ea74c2a,4982
- completed:
    hackage: QuickCheck-2.15.0.1@sha256:0cfd337bb9e6fbf09255bd24bb498a156f1d9bcd465396ac8657b25034b9ee31,9046
    pantry-tree:
      sha256: 27dddf0b64cc7d7e154326059c89b70da61530c25623af7ef576dd9db0c53821
      size: 2437
  original:
    hackage: QuickCheck-2.15.0.1@sha256:0cfd337bb9e6fbf09255bd24bb498a156f1d9bcd465396ac8657b25034b9ee31,9046
- completed:
    hackage: servant-auth-0.4.9.2@sha256:864fd0b2f439df23db75b119b4de5cccc13f4d1c0ba26934a917e96cf11f2cf7,2190
    pantry-tree:
      sha256: dcc11e1238ec32c476b0e72099b749b40f5033f41cbe4ea7a3255a17b19efb4d
      size: 332
  original:
    hackage: servant-auth-0.4.9.2@sha256:864fd0b2f439df23db75b119b4de5cccc13f4d1c0ba26934a917e96cf11f2cf7,2190
- completed:
    name: openai
    pantry-tree:
      sha256: a31968cb93520cfc2871eb633a19a1859b3425b4da63417c9b28c966a96f45ea
      size: 5026
    sha256: ee084616b5570e486f764cb386ad7ff5962024afd9caf902396b2728c9e5b6ce
    size: 2587853
    url: https://github.com/MercuryTechnologies/openai/archive/0246105e18f52f9c509b36f0769a137a8f822a93.tar.gz
    version: 1.2.0
  original:
    url: https://github.com/MercuryTechnologies/openai/archive/0246105e18f52f9c509b36f0769a137a8f822a93.tar.gz
- completed:
    name: servant-multipart-client
    pantry-tree:
      sha256: ff20381718c9e0ba032f30658dad2f7f76553dd58597fcc8464fb5e4cb95397f
      size: 400
    sha256: 5cffa90fe8e059b1aa9db732e5751f92314a196b0146a2e19b23fe90469329fc
    size: 19673
    subdir: servant-multipart-client
    url: https://github.com/Ecialo/servant-multipart/archive/edfcefbfc3ce3ed4ce7dd2c2c307383b6667ba2c.tar.gz
    version: 0.12.2
  original:
    subdir: servant-multipart-client
    url: https://github.com/Ecialo/servant-multipart/archive/edfcefbfc3ce3ed4ce7dd2c2c307383b6667ba2c.tar.gz
- completed:
    name: servant-auth-server
    pantry-tree:
      sha256: 109fc5af346f6510df4264173bb5f2a110793cd5bda9c20a6a6db9521261a334
      size: 1469
    sha256: 80173c156ab33022a18ec8967f1488a0fde2772b163a29b8c45b986862a26a9a
    size: 552753
    subdir: servant-auth/servant-auth-server
    url: https://github.com/haskell-servant/servant/archive/0767cd8b37358d051b8405c28bb1f7ff7de5e313.tar.gz
    version: 0.4.9.2
  original:
    subdir: servant-auth/servant-auth-server
    url: https://github.com/haskell-servant/servant/archive/0767cd8b37358d051b8405c28bb1f7ff7de5e313.tar.gz
- completed:
    name: telegram-bot-api
    pantry-tree:
      sha256: 86ff708323d8917d5144816c8428e3a2d1a7985a7e90ef6498eb9e52a55e26d7
      size: 19237
    sha256: 037a357923b489b5353045e2866b042c38a2a6a336c0dc5104749ac375c935d6
    size: 133958
    subdir: telegram-bot-api
    url: https://github.com/fizruk/telegram-bot-simple/archive/494251f7cde155955add20f62e1bfc03ea98eba7.tar.gz
    version: 7.4.5
  original:
    subdir: telegram-bot-api
    url: https://github.com/fizruk/telegram-bot-simple/archive/494251f7cde155955add20f62e1bfc03ea98eba7.tar.gz
- completed:
    name: telegram-bot-simple
    pantry-tree:
      sha256: ce65b17edd595ff417fde33543e35734fadc244ca10c093e9534ab31bdfac403
      size: 1789
    sha256: 037a357923b489b5353045e2866b042c38a2a6a336c0dc5104749ac375c935d6
    size: 133958
    subdir: telegram-bot-simple
    url: https://github.com/fizruk/telegram-bot-simple/archive/494251f7cde155955add20f62e1bfc03ea98eba7.tar.gz
    version: 0.14.4
  original:
    subdir: telegram-bot-simple
    url: https://github.com/fizruk/telegram-bot-simple/archive/494251f7cde155955add20f62e1bfc03ea98eba7.tar.gz
- completed:
    name: beam-core
    pantry-tree:
      sha256: 13f1e3e45608d604272b0dc2a4426495c7d8805e0cf262dd3e8bd0fd0da56dc3
      size: 2705
    sha256: c388e71710ca0a28ee5f10c0d15a0589ae46b74713e6e2a9d66d5a37167e4b70
    size: 1214103
    subdir: beam-core
    url: https://github.com/haskell-beam/beam/archive/eafea7b9f7972853671c286d62f0c6e1bfc2a565.tar.gz
    version: 0.10.4.0
  original:
    subdir: beam-core
    url: https://github.com/haskell-beam/beam/archive/eafea7b9f7972853671c286d62f0c6e1bfc2a565.tar.gz
- completed:
    name: beam-postgres
    pantry-tree:
      sha256: eb8b3b991bad20e52cc81d44840d1746192898fe0e61a087a5a5863155a4a082
      size: 2605
    sha256: c388e71710ca0a28ee5f10c0d15a0589ae46b74713e6e2a9d66d5a37167e4b70
    size: 1214103
    subdir: beam-postgres
    url: https://github.com/haskell-beam/beam/archive/eafea7b9f7972853671c286d62f0c6e1bfc2a565.tar.gz
    version: 0.5.4.4
  original:
    subdir: beam-postgres
    url: https://github.com/haskell-beam/beam/archive/eafea7b9f7972853671c286d62f0c6e1bfc2a565.tar.gz
snapshots:
- completed:
    sha256: a82ac3305208490a33760197fb2f4506be2d0310fbda0b4c041b9135f8010eb3
    size: 686899
    url: https://raw.githubusercontent.com/commercialhaskell/stackage-snapshots/master/nightly/2025/8/12.yaml
  original: nightly-2025-08-12
